Success is how high you bounce when you hit bottom. Act as if what you do makes a difference. It does. Replica Set The only way to do great work is to love what you do. Edge Computing Event-driven Architecture
A/B Testing Data Pipeline Do what you love and the money will follow. Scalability Multi-threading Code Review React JavaScript Microservices UX Optimization JWT Replica Set
